
Microsoft Visual Studio Solution File, Format Version 12.00
# Visual Studio Version 17
VisualStudioVersion = 17.3.32804.467
MinimumVisualStudioVersion = 10.0.40219.1
Project("{FAE04EC0-301F-11D3-BF4B-00C04F79EFBC}") = "BlazorConsumer", "BlazorConsumer\BlazorConsumer.csproj", "{8870F5B0-334A-4EC4-A54D-3C554A146E0B}"
EndProject
Global
	GlobalSection(SolutionConfigurationPlatforms) = preSolution
		Debug|Any CPU = Debug|Any CPU
		Release|Any CPU = Release|Any CPU
	EndGlobalSection
	GlobalSection(ProjectConfigurationPlatforms) = postSolution
		{8870F5B0-334A-4EC4-A54D-3C554A146E0B}.Debug|Any CPU.ActiveCfg = Debug|Any CPU
		{8870F5B0-334A-4EC4-A54D-3C554A146E0B}.Debug|Any CPU.Build.0 = Debug|Any CPU
		{8870F5B0-334A-4EC4-A54D-3C554A146E0B}.Release|Any CPU.ActiveCfg = Release|Any CPU
		{8870F5B0-334A-4EC4-A54D-3C554A146E0B}.Release|Any CPU.Build.0 = Release|Any CPU
	EndGlobalSection
	GlobalSection(SolutionProperties) = preSolution
		HideSolutionNode = FALSE
	EndGlobalSection
	GlobalSection(ExtensibilityGlobals) = postSolution
		SolutionGuid = {DAD9311E-CB7F-40E4-9EF7-B0F6EBE7838B}
	EndGlobalSection
EndGlobal
